{
  "name": "express-drift-fixture",
  "version": "1.0.0",
  "lockfileVersion": 3,
  "requires": true,
  "packages": {
    "": {
      "name": "express-drift-fixture",
      "version": "1.0.0",
      "dependencies": {
        "express": "^5.0.0"
      }
    },
    "node_modules/express": {
      "version": "5.1.0",
      "resolved": "https://registry.npmjs.org/express/-/express-5.1.0.tgz",
      "license": "MIT",
      "engines": {
        "node": ">= 18"
      }
    }
  }
}
